
Microsoft Visual Studio Solution File, Format Version 12.00
# Visual Studio Version 17
VisualStudioVersion = 17.1.32228.430
MinimumVisualStudioVersion = 10.0.40219.1
Project("{9A19103F-16F7-4668-BE54-9A1E7A4F7556}") = "Application", "Application\Application.csproj", "{EC8E007E-0B0D-4937-BF58-27AE43FF0077}"
EndProject
Project("{FAE04EC0-301F-11D3-BF4B-00C04F79EFBC}") = "Models", "Models\Models.csproj", "{BD690FEE-596E-4103-9D26-9D0F4676934B}"
EndProject
Project("{FAE04EC0-301F-11D3-BF4B-00C04F79EFBC}") = "Stenography_Console", "Stenography_C\Stenography_Console.csproj", "{7DD509A0-AD81-4BC9-A72D-5DE1BB0C1AA5}"
EndProject
Project("{2150E333-8FDC-42A3-9474-1A3956D46DE8}") = "Solution Items", "Solution Items", "{9BDB0889-4C87-4640-8E3B-074082EBD69C}"
	ProjectSection(SolutionItems) = preProject
		.editorconfig = .editorconfig
	EndProjectSection
EndProject
Global
	GlobalSection(SolutionConfigurationPlatforms) = preSolution
		Debug|Any CPU = Debug|Any CPU
		Release|Any CPU = Release|Any CPU
	EndGlobalSection
	GlobalSection(ProjectConfigurationPlatforms) = postSolution
		{EC8E007E-0B0D-4937-BF58-27AE43FF0077}.Debug|Any CPU.ActiveCfg = Debug|Any CPU
		{EC8E007E-0B0D-4937-BF58-27AE43FF0077}.Debug|Any CPU.Build.0 = Debug|Any CPU
		{EC8E007E-0B0D-4937-BF58-27AE43FF0077}.Release|Any CPU.ActiveCfg = Release|Any CPU
		{EC8E007E-0B0D-4937-BF58-27AE43FF0077}.Release|Any CPU.Build.0 = Release|Any CPU
		{BD690FEE-596E-4103-9D26-9D0F4676934B}.Debug|Any CPU.ActiveCfg = Debug|Any CPU
		{BD690FEE-596E-4103-9D26-9D0F4676934B}.Debug|Any CPU.Build.0 = Debug|Any CPU
		{BD690FEE-596E-4103-9D26-9D0F4676934B}.Release|Any CPU.ActiveCfg = Release|Any CPU
		{BD690FEE-596E-4103-9D26-9D0F4676934B}.Release|Any CPU.Build.0 = Release|Any CPU
		{7DD509A0-AD81-4BC9-A72D-5DE1BB0C1AA5}.Debug|Any CPU.ActiveCfg = Debug|Any CPU
		{7DD509A0-AD81-4BC9-A72D-5DE1BB0C1AA5}.Debug|Any CPU.Build.0 = Debug|Any CPU
		{7DD509A0-AD81-4BC9-A72D-5DE1BB0C1AA5}.Release|Any CPU.ActiveCfg = Release|Any CPU
		{7DD509A0-AD81-4BC9-A72D-5DE1BB0C1AA5}.Release|Any CPU.Build.0 = Release|Any CPU
	EndGlobalSection
	GlobalSection(SolutionProperties) = preSolution
		HideSolutionNode = FALSE
	EndGlobalSection
	GlobalSection(ExtensibilityGlobals) = postSolution
		SolutionGuid = {0C7D61B3-AE4C-490B-BD65-5ED24C9F3745}
	EndGlobalSection
EndGlobal
